PODS:
  - CupertinoYankee (0.1.1)
  - FrameAccessor (1.3.2)
  - Masonry (0.4.0)
  - MKFoundationKit/NSArray (1.2.3)
  - UIColor-HexString (1.0.1)

DEPENDENCIES:
  - CupertinoYankee (~> 0.1.0)
  - FrameAccessor (~> 1.3.2)
  - Masonry (~> 0.4.0)
  - MKFoundationKit/NSArray (~> 1.2.3)
  - UIColor-HexString (~> 1.0.0)

SPEC CHECKSUMS:
  CupertinoYankee: 742ab22e47518167d0c78d2eaa5aed5b6e26af3b
  FrameAccessor: 0f7ba6ce37be9a5d0302a27c731dca70af8d438b
  Masonry: a950d1934075b87bc941720a1439f1990fa0ead7
  MKFoundationKit: 882d74557944790d4d9e172961ed71d6a66804b7
  UIColor-HexString: 3b6e52edc3ba2d9053128c7eea60b4558526feb2

COCOAPODS: 0.37.2
